tag v3.17-2
repo TheCBaH/devcontainer.CompCert
19cdad86c2caf4cdb64ea61d9bf8c4c8f993106c77640e2d43116549a3c55122  compcert-export-x86_32.tar.gz
b7d55a880a772d9ac23e3e0b05ab1ed5e3ae51fbf728bee92b92181928477440  compcert-asm-x86_32.tar.gz
bc86955d66be294e53fffad3ffb5cf1d89c59b22fff2b39735e2446e171cb9fc  compcert-export-x86_64.tar.gz
4f4f129dd89c9bb315625d5da2af1c44df1d6eff37be65d1c7552d1120a7a3a3  compcert-asm-x86_64.tar.gz
0468e9b3bdc8056cbafaab553e958cfd3a8a8a16aee0dfa25bbc6f77ca7eb253  compcert-export-arm.tar.gz
0691c2e390202998c9e5342710c8d9876bc119653ec85a73c6a7adf24b974037  compcert-asm-arm.tar.gz
7c1e6e487718684d52d0b7308e13ccc3265d652a043d3db835ee1b28a90df967  compcert-export-aarch64.tar.gz
1dd93f7528b49cf19bb5e38e97ba70dee541ceb403e60453d4e96811fcca2729  compcert-asm-aarch64.tar.gz
ec189b4718f17f1d895d6b9eef2318570fe9b89fe99d9281a8cdfad93eb79f52  compcert-export-riscv32.tar.gz
34a9424811a3cf98ab25b0a0967ffd0230d1295f44448d1f8d2db199ed0a1672  compcert-asm-riscv32.tar.gz
2bc451b4d609ece029b6aee93417d69762a9163862c222ffeec8f6ebfcb24bbf  compcert-export-riscv64.tar.gz
d92f7fda2a7cce8b0fdbf2a54492f65651b55ab85e72cf5cd8161f8a7c54849f  compcert-asm-riscv64.tar.gz
