tag v3.17-1
repo TheCBaH/devcontainer.CompCert
b7d79a5c32402e9b025adcdb16d406667f1bdb6b92e3e688e535d451c4e2a174  compcert-export-x86_32.tar.gz
b7d55a880a772d9ac23e3e0b05ab1ed5e3ae51fbf728bee92b92181928477440  compcert-asm-x86_32.tar.gz
91872084a565c4f3220d02a68b56f66a91bc3a182c05ef1a39f8083639d081f1  compcert-export-x86_64.tar.gz
4f4f129dd89c9bb315625d5da2af1c44df1d6eff37be65d1c7552d1120a7a3a3  compcert-asm-x86_64.tar.gz
ecd432fd2d019f3fc1b9833db36a046f3ee0acf11aa7e1716674e54d9aeb1e56  compcert-export-arm.tar.gz
0691c2e390202998c9e5342710c8d9876bc119653ec85a73c6a7adf24b974037  compcert-asm-arm.tar.gz
7faa85701a7d0f047b9f86cac763b694d1c000929b4d99f4f5f76ef3d5ab11fb  compcert-export-aarch64.tar.gz
1dd93f7528b49cf19bb5e38e97ba70dee541ceb403e60453d4e96811fcca2729  compcert-asm-aarch64.tar.gz
b5b9bbc26f33059e9050afd896f7913e58e16f048a46dd399b891bb832a4f461  compcert-export-riscv32.tar.gz
34a9424811a3cf98ab25b0a0967ffd0230d1295f44448d1f8d2db199ed0a1672  compcert-asm-riscv32.tar.gz
79ba5dc675074a968d105e55eaef3555afc8c18cfd53e98b6869c5c092231e33  compcert-export-riscv64.tar.gz
d92f7fda2a7cce8b0fdbf2a54492f65651b55ab85e72cf5cd8161f8a7c54849f  compcert-asm-riscv64.tar.gz
